
Microsoft Visual Studio Solution File, Format Version 12.00
# Visual Studio Version 17
VisualStudioVersion = 17.7.34202.233
MinimumVisualStudioVersion = 10.0.40219.1
Project("{FAE04EC0-301F-11D3-BF4B-00C04F79EFBC}") = "HR-ManagementApp", "HR-ManagementApp\HR-ManagementApp.csproj", "{07335DD9-273D-45B0-ACDD-222161B33871}"
EndProject
Global
	GlobalSection(SolutionConfigurationPlatforms) = preSolution
		Debug|Any CPU = Debug|Any CPU
		Release|Any CPU = Release|Any CPU
	EndGlobalSection
	GlobalSection(ProjectConfigurationPlatforms) = postSolution
		{07335DD9-273D-45B0-ACDD-222161B33871}.Debug|Any CPU.ActiveCfg = Debug|Any CPU
		{07335DD9-273D-45B0-ACDD-222161B33871}.Debug|Any CPU.Build.0 = Debug|Any CPU
		{07335DD9-273D-45B0-ACDD-222161B33871}.Release|Any CPU.ActiveCfg = Release|Any CPU
		{07335DD9-273D-45B0-ACDD-222161B33871}.Release|Any CPU.Build.0 = Release|Any CPU
	EndGlobalSection
	GlobalSection(SolutionProperties) = preSolution
		HideSolutionNode = FALSE
	EndGlobalSection
	GlobalSection(ExtensibilityGlobals) = postSolution
		SolutionGuid = {8007F938-84F2-4A7D-BEF5-9F67A21A9FD5}
	EndGlobalSection
EndGlobal
